
Microsoft Visual Studio Solution File, Format Version 12.00
# Visual Studio Version 17
VisualStudioVersion = 17.0.31903.59
MinimumVisualStudioVersion = 10.0.40219.1
Project("{9A19103F-16F7-4668-BE54-9A1E7A4F7556}") = "ShopPilet", "ShopPilet\ShopPilet.csproj", "{778C4D87-E189-4AA1-9AE5-3EB26A31855F}"
EndProject
Global
	GlobalSection(SolutionConfigurationPlatforms) = preSolution
		Debug|Any CPU = Debug|Any CPU
		Release|Any CPU = Release|Any CPU
	EndGlobalSection
	GlobalSection(ProjectConfigurationPlatforms) = postSolution
		{778C4D87-E189-4AA1-9AE5-3EB26A31855F}.Debug|Any CPU.ActiveCfg = Debug|Any CPU
		{778C4D87-E189-4AA1-9AE5-3EB26A31855F}.Debug|Any CPU.Build.0 = Debug|Any CPU
		{778C4D87-E189-4AA1-9AE5-3EB26A31855F}.Release|Any CPU.ActiveCfg = Release|Any CPU
		{778C4D87-E189-4AA1-9AE5-3EB26A31855F}.Release|Any CPU.Build.0 = Release|Any CPU
	EndGlobalSection
	GlobalSection(SolutionProperties) = preSolution
		HideSolutionNode = FALSE
	EndGlobalSection
	GlobalSection(ExtensibilityGlobals) = postSolution
		SolutionGuid = {7DC73337-5EFC-4074-B064-D8937571F82B}
	EndGlobalSection
EndGlobal
